
Microsoft Visual Studio Solution File, Format Version 12.00
# Visual Studio 15
VisualStudioVersion = 15.0.28307.329
MinimumVisualStudioVersion = 10.0.40219.1
Project("{FAE04EC0-301F-11D3-BF4B-00C04F79EFBC}") = "Album", "Album\Album.csproj", "{550A4779-DDA7-4696-B046-CAA6AF8C6AD5}"
EndProject
Global
	GlobalSection(SolutionConfigurationPlatforms) = preSolution
		Debug|Any CPU = Debug|Any CPU
		Release|Any CPU = Release|Any CPU
	EndGlobalSection
	GlobalSection(ProjectConfigurationPlatforms) = postSolution
		{550A4779-DDA7-4696-B046-CAA6AF8C6AD5}.Debug|Any CPU.ActiveCfg = Debug|Any CPU
		{550A4779-DDA7-4696-B046-CAA6AF8C6AD5}.Debug|Any CPU.Build.0 = Debug|Any CPU
		{550A4779-DDA7-4696-B046-CAA6AF8C6AD5}.Release|Any CPU.ActiveCfg = Release|Any CPU
		{550A4779-DDA7-4696-B046-CAA6AF8C6AD5}.Release|Any CPU.Build.0 = Release|Any CPU
	EndGlobalSection
	GlobalSection(SolutionProperties) = preSolution
		HideSolutionNode = FALSE
	EndGlobalSection
	GlobalSection(ExtensibilityGlobals) = postSolution
		SolutionGuid = {1C34DF50-31B3-4A39-ADAB-98B354CFBC1F}
	EndGlobalSection
EndGlobal
