
Microsoft Visual Studio Solution File, Format Version 12.00
# Visual Studio 15
VisualStudioVersion = 15.0.28307.329
MinimumVisualStudioVersion = 10.0.40219.1
Project("{9A19103F-16F7-4668-BE54-9A1E7A4F7556}") = "DataStructure", "DataStructure\DataStructure.csproj", "{0904A8EB-F701-409B-BFC8-7A0C824F5560}"
EndProject
Project("{FAE04EC0-301F-11D3-BF4B-00C04F79EFBC}") = "Health", "Health\Health.csproj", "{F83A2709-2B54-4CF0-A98C-1A56C2112454}"
EndProject
Global
	GlobalSection(SolutionConfigurationPlatforms) = preSolution
		Debug|Any CPU = Debug|Any CPU
		Release|Any CPU = Release|Any CPU
	EndGlobalSection
	GlobalSection(ProjectConfigurationPlatforms) = postSolution
		{0904A8EB-F701-409B-BFC8-7A0C824F5560}.Debug|Any CPU.ActiveCfg = Debug|Any CPU
		{0904A8EB-F701-409B-BFC8-7A0C824F5560}.Debug|Any CPU.Build.0 = Debug|Any CPU
		{0904A8EB-F701-409B-BFC8-7A0C824F5560}.Release|Any CPU.ActiveCfg = Release|Any CPU
		{0904A8EB-F701-409B-BFC8-7A0C824F5560}.Release|Any CPU.Build.0 = Release|Any CPU
		{F83A2709-2B54-4CF0-A98C-1A56C2112454}.Debug|Any CPU.ActiveCfg = Debug|Any CPU
		{F83A2709-2B54-4CF0-A98C-1A56C2112454}.Debug|Any CPU.Build.0 = Debug|Any CPU
		{F83A2709-2B54-4CF0-A98C-1A56C2112454}.Release|Any CPU.ActiveCfg = Release|Any CPU
		{F83A2709-2B54-4CF0-A98C-1A56C2112454}.Release|Any CPU.Build.0 = Release|Any CPU
	EndGlobalSection
	GlobalSection(SolutionProperties) = preSolution
		HideSolutionNode = FALSE
	EndGlobalSection
	GlobalSection(ExtensibilityGlobals) = postSolution
		SolutionGuid = {945A7E22-0461-4E88-A114-629C98B972C9}
	EndGlobalSection
EndGlobal
